# THIS IS AN AUTOGENERATED FILE. DO NOT EDIT THIS FILE DIRECTLY.
# yarn lockfile v1


"@mongodb-js/saslprep@^1.1.0":
  version "1.1.5"
  resolved "https://registry.yarnpkg.com/@mongodb-js/saslprep/-/saslprep-1.1.5.tgz#0c48a96c8d799e81fae311b7251aa5c1dc7c6e95"
  integrity sha512-XLNOMH66KhJzUJNwT/qlMnS4WsNDWD5ASdyaSH3EtK+F4r/CFGa3jT4GNi4mfOitGvWXtdLgQJkQjxSVrio+jA==
  dependencies:
    sparse-bitfield "^3.0.3"

"@types/webidl-conversions@*":
  version "7.0.3"
  resolved "https://registry.yarnpkg.com/@types/webidl-conversions/-/webidl-conversions-7.0.3.tgz#1306dbfa53768bcbcfc95a1c8cde367975581859"
  integrity sha512-CiJJvcRtIgzadHCYXw7dqEnMNRjhGZlYK05Mj9OyktqV8uVT8fD2BFOB7S1uwBE3Kj2Z+4UyPmFw/Ixgw/LAlA==

"@types/whatwg-url@^11.0.2":
  version "11.0.4"
  resolved "https://registry.yarnpkg.com/@types/whatwg-url/-/whatwg-url-11.0.4.tgz#ffed0dc8d89d91f62e3f368fcbda222a487c4f63"
  integrity sha512-lXCmTWSHJvf0TRSO58nm978b8HJ/EdsSsEKLd3ODHFjo+3VGAyyTp4v50nWvwtzBxSMQrVOK7tcuN0zGPLICMw==
  dependencies:
    "@types/webidl-conversions" "*"

asynckit@^0.4.0:
  version "0.4.0"
  resolved "https://registry.yarnpkg.com/asynckit/-/asynckit-0.4.0.tgz#c79ed97f7f34cb8f2ba1bc9790bcc366474b4b79"
  integrity sha512-Oei9OH4tRh0YqU3GxhX79dM/mwVgvbZJaSNaRk+bshkj0S5cfHcgYakreBjrHwatXKbz+IoIdYLxrKim2MjW0Q==

axios@^1.6.8:
  version "1.6.8"
  resolved "https://registry.yarnpkg.com/axios/-/axios-1.6.8.tgz#66d294951f5d988a00e87a0ffb955316a619ea66"
  integrity sha512-v/ZHtJDU39mDpyBoFVkETcd/uNdxrWRrg3bKpOKzXFA6Bvqopts6ALSMU3y6ijYxbw2B+wPrIv46egTzJXCLGQ==
  dependencies:
    follow-redirects "^1.15.6"
    form-data "^4.0.0"
    proxy-from-env "^1.1.0"

bson@^6.2.0:
  version "6.5.0"
  resolved "https://registry.yarnpkg.com/bson/-/bson-6.5.0.tgz#fc4828d065e64e48ea442b1a23099b2e52f7ff0b"
  integrity sha512-DXf1BTAS8vKyR90BO4x5v3rKVarmkdkzwOrnYDFdjAY694ILNDkmA3uRh1xXJEl+C1DAh8XCvAQ+Gh3kzubtpg==

combined-stream@^1.0.8:
  version "1.0.8"
  resolved "https://registry.yarnpkg.com/combined-stream/-/combined-stream-1.0.8.tgz#c3d45a8b34fd730631a110a8a2520682b31d5a7f"
  integrity sha512-FQN4MRfuJeHf7cBbBMJFXhKSDq+2kAArBlmRBvcvFE5BB1HZKXtSFASDhdlz9zOYwxh8lDdnvmMOe/+5cdoEdg==
  dependencies:
    delayed-stream "~1.0.0"

debug@4.x:
  version "4.3.4"
  resolved "https://registry.yarnpkg.com/debug/-/debug-4.3.4.tgz#1319f6579357f2338d3337d2cdd4914bb5dcc865"
  integrity sha512-PRWFHuSU3eDtQJPvnNY7Jcket1j0t5OuOsFzPPzsekD52Zl8qUfFIPEiswXqIvHWGVHOgX+7G/vCNNhehwxfkQ==
  dependencies:
    ms "2.1.2"

delayed-stream@~1.0.0:
  version "1.0.0"
  resolved "https://registry.yarnpkg.com/delayed-stream/-/delayed-stream-1.0.0.tgz#df3ae199acadfb7d440aaae0b29e2272b24ec619"
  integrity sha512-ZySD7Nf91aLB0RxL4KGrKHBXl7Eds1DAmEdcoVawXnLD7SDhpNgtuII2aAkg7a7QS41jxPSZ17p4VdGnMHk3MQ==

follow-redirects@^1.15.6:
  version "1.15.6"
  resolved "https://registry.yarnpkg.com/follow-redirects/-/follow-redirects-1.15.6.tgz#7f815c0cda4249c74ff09e95ef97c23b5fd0399b"
  integrity sha512-wWN62YITEaOpSK584EZXJafH1AGpO8RVgElfkuXbTOrPX4fIfOyEpW/CsiNd8JdYrAoOvafRTOEnvsO++qCqFA==

form-data@^4.0.0:
  version "4.0.0"
  resolved "https://registry.yarnpkg.com/form-data/-/form-data-4.0.0.tgz#93919daeaf361ee529584b9b31664dc12c9fa452"
  integrity sha512-ETEklSGi5t0QMZuiXoA/Q6vcnxcLQP5vdugSpuAyi6SVGi2clPPp+xgEhuMaHC+zGgn31Kd235W35f7Hykkaww==
  dependencies:
    asynckit "^0.4.0"
    combined-stream "^1.0.8"
    mime-types "^2.1.12"

kareem@2.5.1:
  version "2.5.1"
  resolved "https://registry.yarnpkg.com/kareem/-/kareem-2.5.1.tgz#7b8203e11819a8e77a34b3517d3ead206764d15d"
  integrity sha512-7jFxRVm+jD+rkq3kY0iZDJfsO2/t4BBPeEb2qKn2lR/9KhuksYk5hxzfRYWMPV8P/x2d0kHD306YyWLzjjH+uA==

memory-pager@^1.0.2:
  version "1.5.0"
  resolved "https://registry.yarnpkg.com/memory-pager/-/memory-pager-1.5.0.tgz#d8751655d22d384682741c972f2c3d6dfa3e66b5"
  integrity sha512-ZS4Bp4r/Zoeq6+NLJpP+0Zzm0pR8whtGPf1XExKLJBAczGMnSi3It14OiNCStjQjM6NU1okjQGSxgEZN8eBYKg==

mime-db@1.52.0:
  version "1.52.0"
  resolved "https://registry.yarnpkg.com/mime-db/-/mime-db-1.52.0.tgz#bbabcdc02859f4987301c856e3387ce5ec43bf70"
  integrity sha512-sPU4uV7dYlvtWJxwwxHD0PuihVNiE7TyAbQ5SWxDCB9mUYvOgroQOwYQQOKPJ8CIbE+1ETVlOoK1UC2nU3gYvg==

mime-types@^2.1.12:
  version "2.1.35"
  resolved "https://registry.yarnpkg.com/mime-types/-/mime-types-2.1.35.tgz#381a871b62a734450660ae3deee44813f70d959a"
  integrity sha512-ZDY+bPm5zTTF+YpCrAU9nK0UgICYPT0QtT1NZWFv4s++TNkcgVaT0g6+4R2uI4MjQjzysHB1zxuWL50hzaeXiw==
  dependencies:
    mime-db "1.52.0"

mongodb-connection-string-url@^3.0.0:
  version "3.0.0"
  resolved "https://registry.yarnpkg.com/mongodb-connection-string-url/-/mongodb-connection-string-url-3.0.0.tgz#b4f87f92fd8593f3b9365f592515a06d304a1e9c"
  integrity sha512-t1Vf+m1I5hC2M5RJx/7AtxgABy1cZmIPQRMXw+gEIPn/cZNF3Oiy+l0UIypUwVB5trcWHq3crg2g3uAR9aAwsQ==
  dependencies:
    "@types/whatwg-url" "^11.0.2"
    whatwg-url "^13.0.0"

mongodb@6.3.0:
  version "6.3.0"
  resolved "https://registry.yarnpkg.com/mongodb/-/mongodb-6.3.0.tgz#ec9993b19f7ed2ea715b903fcac6171c9d1d38ca"
  integrity sha512-tt0KuGjGtLUhLoU263+xvQmPHEGTw5LbcNC73EoFRYgSHwZt5tsoJC110hDyO1kjQzpgNrpdcSza9PknWN4LrA==
  dependencies:
    "@mongodb-js/saslprep" "^1.1.0"
    bson "^6.2.0"
    mongodb-connection-string-url "^3.0.0"

mongoose@^8.2.2:
  version "8.2.2"
  resolved "https://registry.yarnpkg.com/mongoose/-/mongoose-8.2.2.tgz#8079857d906aab5b94a5f7ae7600b7401efdbfdc"
  integrity sha512-6sMxe1d3k/dBjiOX4ExNTNOP0g1x0iq8eXyg+ttgIXM3HLnQ0IUyXRwVVAPFFY6O4/8uYN5dB0Ec72FrexbPpw==
  dependencies:
    bson "^6.2.0"
    kareem "2.5.1"
    mongodb "6.3.0"
    mpath "0.9.0"
    mquery "5.0.0"
    ms "2.1.3"
    sift "16.0.1"

mpath@0.9.0:
  version "0.9.0"
  resolved "https://registry.yarnpkg.com/mpath/-/mpath-0.9.0.tgz#0c122fe107846e31fc58c75b09c35514b3871904"
  integrity sha512-ikJRQTk8hw5DEoFVxHG1Gn9T/xcjtdnOKIU1JTmGjZZlg9LST2mBLmcX3/ICIbgJydT2GOc15RnNy5mHmzfSew==

mquery@5.0.0:
  version "5.0.0"
  resolved "https://registry.yarnpkg.com/mquery/-/mquery-5.0.0.tgz#a95be5dfc610b23862df34a47d3e5d60e110695d"
  integrity sha512-iQMncpmEK8R8ncT8HJGsGc9Dsp8xcgYMVSbs5jgnm1lFHTZqMJTUWTDx1LBO8+mK3tPNZWFLBghQEIOULSTHZg==
  dependencies:
    debug "4.x"

ms@2.1.2:
  version "2.1.2"
  resolved "https://registry.yarnpkg.com/ms/-/ms-2.1.2.tgz#d09d1f357b443f493382a8eb3ccd183872ae6009"
  integrity sha512-sGkPx+VjMtmA6MX27oA4FBFELFCZZ4S4XqeGOXCv68tT+jb3vk/RyaKWP0PTKyWtmLSM0b+adUTEvbs1PEaH2w==

ms@2.1.3:
  version "2.1.3"
  resolved "https://registry.yarnpkg.com/ms/-/ms-2.1.3.tgz#574c8138ce1d2b5861f0b44579dbadd60c6615b2"
  integrity sha512-6FlzubTLZG3J2a/NVCAleEhjzq5oxgHyaCU9yYXvcLsvoVaHJq/s5xXI6/XXP6tz7R9xAOtHnSO/tXtF3WRTlA==

proxy-from-env@^1.1.0:
  version "1.1.0"
  resolved "https://registry.yarnpkg.com/proxy-from-env/-/proxy-from-env-1.1.0.tgz#e102f16ca355424865755d2c9e8ea4f24d58c3e2"
  integrity sha512-D+zkORCbA9f1tdWRK0RaCR3GPv50cMxcrz4X8k5LTSUD1Dkw47mKJEZQNunItRTkWwgtaUSo1RVFRIG9ZXiFYg==

punycode@^2.3.0:
  version "2.3.1"
  resolved "https://registry.yarnpkg.com/punycode/-/punycode-2.3.1.tgz#027422e2faec0b25e1549c3e1bd8309b9133b6e5"
  integrity sha512-vYt7UD1U9Wg6138shLtLOvdAu+8DsC/ilFtEVHcH+wydcSpNE20AfSOduf6MkRFahL5FY7X1oU7nKVZFtfq8Fg==

sift@16.0.1:
  version "16.0.1"
  resolved "https://registry.yarnpkg.com/sift/-/sift-16.0.1.tgz#e9c2ccc72191585008cf3e36fc447b2d2633a053"
  integrity sha512-Wv6BjQ5zbhW7VFefWusVP33T/EM0vYikCaQ2qR8yULbsilAT8/wQaXvuQ3ptGLpoKx+lihJE3y2UTgKDyyNHZQ==

sparse-bitfield@^3.0.3:
  version "3.0.3"
  resolved "https://registry.yarnpkg.com/sparse-bitfield/-/sparse-bitfield-3.0.3.tgz#ff4ae6e68656056ba4b3e792ab3334d38273ca11"
  integrity sha512-kvzhi7vqKTfkh0PZU+2D2PIllw2ymqJKujUcyPMd9Y75Nv4nPbGJZXNhxsgdQab2BmlDct1YnfQCguEvHr7VsQ==
  dependencies:
    memory-pager "^1.0.2"

tr46@^4.1.1:
  version "4.1.1"
  resolved "https://registry.yarnpkg.com/tr46/-/tr46-4.1.1.tgz#281a758dcc82aeb4fe38c7dfe4d11a395aac8469"
  integrity sha512-2lv/66T7e5yNyhAAC4NaKe5nVavzuGJQVVtRYLyQ2OI8tsJ61PMLlelehb0wi2Hx6+hT/OJUWZcw8MjlSRnxvw==
  dependencies:
    punycode "^2.3.0"

webidl-conversions@^7.0.0:
  version "7.0.0"
  resolved "https://registry.yarnpkg.com/webidl-conversions/-/webidl-conversions-7.0.0.tgz#256b4e1882be7debbf01d05f0aa2039778ea080a"
  integrity sha512-VwddBukDzu71offAQR975unBIGqfKZpM+8ZX6ySk8nYhVoo5CYaZyzt3YBvYtRtO+aoGlqxPg/B87NGVZ/fu6g==

whatwg-url@^13.0.0:
  version "13.0.0"
  resolved "https://registry.yarnpkg.com/whatwg-url/-/whatwg-url-13.0.0.tgz#b7b536aca48306394a34e44bda8e99f332410f8f"
  integrity sha512-9WWbymnqj57+XEuqADHrCJ2eSXzn8WXIW/YSGaZtb2WKAInQ6CHfaUUcTyyver0p8BDg5StLQq8h1vtZuwmOig==
  dependencies:
    tr46 "^4.1.1"
    webidl-conversions "^7.0.0"
